
Microsoft Visual Studio Solution File, Format Version 12.00
# Visual Studio Version 17
VisualStudioVersion = 17.9.34902.65
MinimumVisualStudioVersion = 10.0.40219.1
Project("{9A19103F-16F7-4668-BE54-9A1E7A4F7556}") = "CVWaferProber", "CVWaferProber\CVWaferProber.csproj", "{DDF37E3A-F9A2-4DBC-B6AB-D14DEDBB7CB1}"
EndProject
Project("{9A19103F-16F7-4668-BE54-9A1E7A4F7556}") = "ChipMapping", "ChipMapping\ChipMapping.csproj", "{69DA1C06-89EF-440A-B7D0-EBC67DDB4430}"
EndProject
Project("{9A19103F-16F7-4668-BE54-9A1E7A4F7556}") = "CVWaferProber.Core", "CVWaferProber.Core\CVWaferProber.Core.csproj", "{6A27EEDA-BEE0-44CE-8ABC-B09DE6BCD884}"
EndProject
Project("{9A19103F-16F7-4668-BE54-9A1E7A4F7556}") = "CVDB", "CVDB\CVDB.csproj", "{62CA4BEE-B0F6-4F5A-A214-23C44B726A26}"
EndProject
Project("{9A19103F-16F7-4668-BE54-9A1E7A4F7556}") = "CVWPFSpectrometerCtrl", "CVWPFSpectrometerCtrl\CVWPFSpectrometerCtrl.csproj", "{A9CDA101-F058-448C-9016-24C0FF17A652}"
EndProject
Project("{9A19103F-16F7-4668-BE54-9A1E7A4F7556}") = "CVWPFCamImageCtrl", "CVWPFCamImageCtrl\CVWPFCamImageCtrl.csproj", "{51A8E3C7-05B8-4372-9692-948D00A768E2}"
EndProject
Project("{2150E333-8FDC-42A3-9474-1A3956D46DE8}") = "解决方案项", "解决方案项", "{9FA3D6BD-1EC1-3BA5-80CB-CE02773A58D5}"
EndProject
Project("{9A19103F-16F7-4668-BE54-9A1E7A4F7556}") = "CVVAMControl", "CVAVMControl\CVVAMControl.csproj", "{59C63ABC-5583-4B1F-B15C-B0BE9CEEC58C}"
EndProject
Project("{2150E333-8FDC-42A3-9474-1A3956D46DE8}") = "Comm", "Comm", "{95DF4B1C-F936-4330-A04A-5CDE3FDEB589}"
EndProject
Project("{9A19103F-16F7-4668-BE54-9A1E7A4F7556}") = "WaferComm.Client", "WaferProberClient\WaferComm.Client\WaferComm.Client.csproj", "{41B2BAEE-681A-721C-EA6B-09691270D7F7}"
EndProject
Project("{9A19103F-16F7-4668-BE54-9A1E7A4F7556}") = "WaferComm.Core", "WaferProberClient\WaferComm.Core\WaferComm.Core.csproj", "{58F7C035-B789-4BB9-E738-07259E561188}"
EndProject
Project("{9A19103F-16F7-4668-BE54-9A1E7A4F7556}") = "WaferComm.Processors", "WaferProberClient\WaferComm.Processors\WaferComm.Processors.csproj", "{7D33E398-7F9C-DE22-D729-79B16B5B6DFA}"
EndProject
Project("{9A19103F-16F7-4668-BE54-9A1E7A4F7556}") = "WaferComm.StateMachine", "WaferProberClient\WaferComm.StateMachine\WaferComm.StateMachine.csproj", "{897A2792-F73D-2AD5-DEB5-4193E12A4AB0}"
EndProject
Project("{9A19103F-16F7-4668-BE54-9A1E7A4F7556}") = "CVMQTTNodeClient", "CVMQTTNodeClient\CVMQTTNodeClient.csproj", "{1BFBF81A-155C-460A-896C-A3371A153D78}"
EndProject
Project("{9A19103F-16F7-4668-BE54-9A1E7A4F7556}") = "WinMessageCtrl", "WinMessageCtrl\WinMessageCtrl.csproj", "{793BCFB7-F13B-4B5F-A426-D9BDCB3A20D8}"
EndProject
Project("{2150E333-8FDC-42A3-9474-1A3956D46DE8}") = "Test", "Test", "{02EA681E-C7D8-13C7-8484-4AC65E1B71E8}"
EndProject
Project("{FAE04EC0-301F-11D3-BF4B-00C04F79EFBC}") = "WpfApp1", "WpfApp1\WpfApp1.csproj", "{1C31F6BD-AC3A-44AE-BCEE-8B38247B0729}"
EndProject
Global
	GlobalSection(SolutionConfigurationPlatforms) = preSolution
		Debug|Any CPU = Debug|Any CPU
		Debug|x64 = Debug|x64
		Release|Any CPU = Release|Any CPU
		Release|x64 = Release|x64
	EndGlobalSection
	GlobalSection(ProjectConfigurationPlatforms) = postSolution
		{DDF37E3A-F9A2-4DBC-B6AB-D14DEDBB7CB1}.Debug|Any CPU.ActiveCfg = Debug|Any CPU
		{DDF37E3A-F9A2-4DBC-B6AB-D14DEDBB7CB1}.Debug|Any CPU.Build.0 = Debug|Any CPU
		{DDF37E3A-F9A2-4DBC-B6AB-D14DEDBB7CB1}.Debug|x64.ActiveCfg = Debug|x64
		{DDF37E3A-F9A2-4DBC-B6AB-D14DEDBB7CB1}.Debug|x64.Build.0 = Debug|x64
		{DDF37E3A-F9A2-4DBC-B6AB-D14DEDBB7CB1}.Release|Any CPU.ActiveCfg = Release|Any CPU
		{DDF37E3A-F9A2-4DBC-B6AB-D14DEDBB7CB1}.Release|Any CPU.Build.0 = Release|Any CPU
		{DDF37E3A-F9A2-4DBC-B6AB-D14DEDBB7CB1}.Release|x64.ActiveCfg = Release|x64
		{DDF37E3A-F9A2-4DBC-B6AB-D14DEDBB7CB1}.Release|x64.Build.0 = Release|x64
		{69DA1C06-89EF-440A-B7D0-EBC67DDB4430}.Debug|Any CPU.ActiveCfg = Debug|Any CPU
		{69DA1C06-89EF-440A-B7D0-EBC67DDB4430}.Debug|Any CPU.Build.0 = Debug|Any CPU
		{69DA1C06-89EF-440A-B7D0-EBC67DDB4430}.Debug|x64.ActiveCfg = Debug|x64
		{69DA1C06-89EF-440A-B7D0-EBC67DDB4430}.Debug|x64.Build.0 = Debug|x64
		{69DA1C06-89EF-440A-B7D0-EBC67DDB4430}.Release|Any CPU.ActiveCfg = Release|Any CPU
		{69DA1C06-89EF-440A-B7D0-EBC67DDB4430}.Release|Any CPU.Build.0 = Release|Any CPU
		{69DA1C06-89EF-440A-B7D0-EBC67DDB4430}.Release|x64.ActiveCfg = Release|x64
		{69DA1C06-89EF-440A-B7D0-EBC67DDB4430}.Release|x64.Build.0 = Release|x64
		{6A27EEDA-BEE0-44CE-8ABC-B09DE6BCD884}.Debug|Any CPU.ActiveCfg = Debug|Any CPU
		{6A27EEDA-BEE0-44CE-8ABC-B09DE6BCD884}.Debug|Any CPU.Build.0 = Debug|Any CPU
		{6A27EEDA-BEE0-44CE-8ABC-B09DE6BCD884}.Debug|x64.ActiveCfg = Debug|x64
		{6A27EEDA-BEE0-44CE-8ABC-B09DE6BCD884}.Debug|x64.Build.0 = Debug|x64
		{6A27EEDA-BEE0-44CE-8ABC-B09DE6BCD884}.Release|Any CPU.ActiveCfg = Release|Any CPU
		{6A27EEDA-BEE0-44CE-8ABC-B09DE6BCD884}.Release|Any CPU.Build.0 = Release|Any CPU
		{6A27EEDA-BEE0-44CE-8ABC-B09DE6BCD884}.Release|x64.ActiveCfg = Release|x64
		{6A27EEDA-BEE0-44CE-8ABC-B09DE6BCD884}.Release|x64.Build.0 = Release|x64
		{62CA4BEE-B0F6-4F5A-A214-23C44B726A26}.Debug|Any CPU.ActiveCfg = Debug|Any CPU
		{62CA4BEE-B0F6-4F5A-A214-23C44B726A26}.Debug|Any CPU.Build.0 = Debug|Any CPU
		{62CA4BEE-B0F6-4F5A-A214-23C44B726A26}.Debug|x64.ActiveCfg = Debug|x64
		{62CA4BEE-B0F6-4F5A-A214-23C44B726A26}.Debug|x64.Build.0 = Debug|x64
		{62CA4BEE-B0F6-4F5A-A214-23C44B726A26}.Release|Any CPU.ActiveCfg = Release|Any CPU
		{62CA4BEE-B0F6-4F5A-A214-23C44B726A26}.Release|Any CPU.Build.0 = Release|Any CPU
		{62CA4BEE-B0F6-4F5A-A214-23C44B726A26}.Release|x64.ActiveCfg = Release|x64
		{62CA4BEE-B0F6-4F5A-A214-23C44B726A26}.Release|x64.Build.0 = Release|x64
		{A9CDA101-F058-448C-9016-24C0FF17A652}.Debug|Any CPU.ActiveCfg = Debug|Any CPU
		{A9CDA101-F058-448C-9016-24C0FF17A652}.Debug|Any CPU.Build.0 = Debug|Any CPU
		{A9CDA101-F058-448C-9016-24C0FF17A652}.Debug|x64.ActiveCfg = Debug|x64
		{A9CDA101-F058-448C-9016-24C0FF17A652}.Debug|x64.Build.0 = Debug|x64
		{A9CDA101-F058-448C-9016-24C0FF17A652}.Release|Any CPU.ActiveCfg = Release|Any CPU
		{A9CDA101-F058-448C-9016-24C0FF17A652}.Release|Any CPU.Build.0 = Release|Any CPU
		{A9CDA101-F058-448C-9016-24C0FF17A652}.Release|x64.ActiveCfg = Release|x64
		{A9CDA101-F058-448C-9016-24C0FF17A652}.Release|x64.Build.0 = Release|x64
		{51A8E3C7-05B8-4372-9692-948D00A768E2}.Debug|Any CPU.ActiveCfg = Debug|Any CPU
		{51A8E3C7-05B8-4372-9692-948D00A768E2}.Debug|Any CPU.Build.0 = Debug|Any CPU
		{51A8E3C7-05B8-4372-9692-948D00A768E2}.Debug|x64.ActiveCfg = Debug|x64
		{51A8E3C7-05B8-4372-9692-948D00A768E2}.Debug|x64.Build.0 = Debug|x64
		{51A8E3C7-05B8-4372-9692-948D00A768E2}.Release|Any CPU.ActiveCfg = Release|Any CPU
		{51A8E3C7-05B8-4372-9692-948D00A768E2}.Release|Any CPU.Build.0 = Release|Any CPU
		{51A8E3C7-05B8-4372-9692-948D00A768E2}.Release|x64.ActiveCfg = Release|x64
		{51A8E3C7-05B8-4372-9692-948D00A768E2}.Release|x64.Build.0 = Release|x64
		{59C63ABC-5583-4B1F-B15C-B0BE9CEEC58C}.Debug|Any CPU.ActiveCfg = Debug|Any CPU
		{59C63ABC-5583-4B1F-B15C-B0BE9CEEC58C}.Debug|Any CPU.Build.0 = Debug|Any CPU
		{59C63ABC-5583-4B1F-B15C-B0BE9CEEC58C}.Debug|x64.ActiveCfg = Debug|Any CPU
		{59C63ABC-5583-4B1F-B15C-B0BE9CEEC58C}.Debug|x64.Build.0 = Debug|Any CPU
		{59C63ABC-5583-4B1F-B15C-B0BE9CEEC58C}.Release|Any CPU.ActiveCfg = Release|Any CPU
		{59C63ABC-5583-4B1F-B15C-B0BE9CEEC58C}.Release|Any CPU.Build.0 = Release|Any CPU
		{59C63ABC-5583-4B1F-B15C-B0BE9CEEC58C}.Release|x64.ActiveCfg = Release|Any CPU
		{59C63ABC-5583-4B1F-B15C-B0BE9CEEC58C}.Release|x64.Build.0 = Release|Any CPU
		{41B2BAEE-681A-721C-EA6B-09691270D7F7}.Debug|Any CPU.ActiveCfg = Debug|Any CPU
		{41B2BAEE-681A-721C-EA6B-09691270D7F7}.Debug|Any CPU.Build.0 = Debug|Any CPU
		{41B2BAEE-681A-721C-EA6B-09691270D7F7}.Debug|x64.ActiveCfg = Debug|Any CPU
		{41B2BAEE-681A-721C-EA6B-09691270D7F7}.Debug|x64.Build.0 = Debug|Any CPU
		{41B2BAEE-681A-721C-EA6B-09691270D7F7}.Release|Any CPU.ActiveCfg = Release|Any CPU
		{41B2BAEE-681A-721C-EA6B-09691270D7F7}.Release|Any CPU.Build.0 = Release|Any CPU
		{41B2BAEE-681A-721C-EA6B-09691270D7F7}.Release|x64.ActiveCfg = Release|Any CPU
		{41B2BAEE-681A-721C-EA6B-09691270D7F7}.Release|x64.Build.0 = Release|Any CPU
		{58F7C035-B789-4BB9-E738-07259E561188}.Debug|Any CPU.ActiveCfg = Debug|Any CPU
		{58F7C035-B789-4BB9-E738-07259E561188}.Debug|Any CPU.Build.0 = Debug|Any CPU
		{58F7C035-B789-4BB9-E738-07259E561188}.Debug|x64.ActiveCfg = Debug|Any CPU
		{58F7C035-B789-4BB9-E738-07259E561188}.Debug|x64.Build.0 = Debug|Any CPU
		{58F7C035-B789-4BB9-E738-07259E561188}.Release|Any CPU.ActiveCfg = Release|Any CPU
		{58F7C035-B789-4BB9-E738-07259E561188}.Release|Any CPU.Build.0 = Release|Any CPU
		{58F7C035-B789-4BB9-E738-07259E561188}.Release|x64.ActiveCfg = Release|Any CPU
		{58F7C035-B789-4BB9-E738-07259E561188}.Release|x64.Build.0 = Release|Any CPU
		{7D33E398-7F9C-DE22-D729-79B16B5B6DFA}.Debug|Any CPU.ActiveCfg = Debug|Any CPU
		{7D33E398-7F9C-DE22-D729-79B16B5B6DFA}.Debug|Any CPU.Build.0 = Debug|Any CPU
		{7D33E398-7F9C-DE22-D729-79B16B5B6DFA}.Debug|x64.ActiveCfg = Debug|Any CPU
		{7D33E398-7F9C-DE22-D729-79B16B5B6DFA}.Debug|x64.Build.0 = Debug|Any CPU
		{7D33E398-7F9C-DE22-D729-79B16B5B6DFA}.Release|Any CPU.ActiveCfg = Release|Any CPU
		{7D33E398-7F9C-DE22-D729-79B16B5B6DFA}.Release|Any CPU.Build.0 = Release|Any CPU
		{7D33E398-7F9C-DE22-D729-79B16B5B6DFA}.Release|x64.ActiveCfg = Release|Any CPU
		{7D33E398-7F9C-DE22-D729-79B16B5B6DFA}.Release|x64.Build.0 = Release|Any CPU
		{897A2792-F73D-2AD5-DEB5-4193E12A4AB0}.Debug|Any CPU.ActiveCfg = Debug|Any CPU
		{897A2792-F73D-2AD5-DEB5-4193E12A4AB0}.Debug|Any CPU.Build.0 = Debug|Any CPU
		{897A2792-F73D-2AD5-DEB5-4193E12A4AB0}.Debug|x64.ActiveCfg = Debug|Any CPU
		{897A2792-F73D-2AD5-DEB5-4193E12A4AB0}.Debug|x64.Build.0 = Debug|Any CPU
		{897A2792-F73D-2AD5-DEB5-4193E12A4AB0}.Release|Any CPU.ActiveCfg = Release|Any CPU
		{897A2792-F73D-2AD5-DEB5-4193E12A4AB0}.Release|Any CPU.Build.0 = Release|Any CPU
		{897A2792-F73D-2AD5-DEB5-4193E12A4AB0}.Release|x64.ActiveCfg = Release|Any CPU
		{897A2792-F73D-2AD5-DEB5-4193E12A4AB0}.Release|x64.Build.0 = Release|Any CPU
		{1BFBF81A-155C-460A-896C-A3371A153D78}.Debug|Any CPU.ActiveCfg = Debug|Any CPU
		{1BFBF81A-155C-460A-896C-A3371A153D78}.Debug|Any CPU.Build.0 = Debug|Any CPU
		{1BFBF81A-155C-460A-896C-A3371A153D78}.Debug|x64.ActiveCfg = Debug|Any CPU
		{1BFBF81A-155C-460A-896C-A3371A153D78}.Debug|x64.Build.0 = Debug|Any CPU
		{1BFBF81A-155C-460A-896C-A3371A153D78}.Release|Any CPU.ActiveCfg = Release|Any CPU
		{1BFBF81A-155C-460A-896C-A3371A153D78}.Release|Any CPU.Build.0 = Release|Any CPU
		{1BFBF81A-155C-460A-896C-A3371A153D78}.Release|x64.ActiveCfg = Release|Any CPU
		{1BFBF81A-155C-460A-896C-A3371A153D78}.Release|x64.Build.0 = Release|Any CPU
		{793BCFB7-F13B-4B5F-A426-D9BDCB3A20D8}.Debug|Any CPU.ActiveCfg = Debug|Any CPU
		{793BCFB7-F13B-4B5F-A426-D9BDCB3A20D8}.Debug|Any CPU.Build.0 = Debug|Any CPU
		{793BCFB7-F13B-4B5F-A426-D9BDCB3A20D8}.Debug|x64.ActiveCfg = Debug|Any CPU
		{793BCFB7-F13B-4B5F-A426-D9BDCB3A20D8}.Debug|x64.Build.0 = Debug|Any CPU
		{793BCFB7-F13B-4B5F-A426-D9BDCB3A20D8}.Release|Any CPU.ActiveCfg = Release|Any CPU
		{793BCFB7-F13B-4B5F-A426-D9BDCB3A20D8}.Release|Any CPU.Build.0 = Release|Any CPU
		{793BCFB7-F13B-4B5F-A426-D9BDCB3A20D8}.Release|x64.ActiveCfg = Release|Any CPU
		{793BCFB7-F13B-4B5F-A426-D9BDCB3A20D8}.Release|x64.Build.0 = Release|Any CPU
		{1C31F6BD-AC3A-44AE-BCEE-8B38247B0729}.Debug|Any CPU.ActiveCfg = Debug|Any CPU
		{1C31F6BD-AC3A-44AE-BCEE-8B38247B0729}.Debug|Any CPU.Build.0 = Debug|Any CPU
		{1C31F6BD-AC3A-44AE-BCEE-8B38247B0729}.Debug|x64.ActiveCfg = Debug|Any CPU
		{1C31F6BD-AC3A-44AE-BCEE-8B38247B0729}.Debug|x64.Build.0 = Debug|Any CPU
		{1C31F6BD-AC3A-44AE-BCEE-8B38247B0729}.Release|Any CPU.ActiveCfg = Release|Any CPU
		{1C31F6BD-AC3A-44AE-BCEE-8B38247B0729}.Release|Any CPU.Build.0 = Release|Any CPU
		{1C31F6BD-AC3A-44AE-BCEE-8B38247B0729}.Release|x64.ActiveCfg = Release|Any CPU
		{1C31F6BD-AC3A-44AE-BCEE-8B38247B0729}.Release|x64.Build.0 = Release|Any CPU
	EndGlobalSection
	GlobalSection(SolutionProperties) = preSolution
		HideSolutionNode = FALSE
	EndGlobalSection
	GlobalSection(NestedProjects) = preSolution
		{41B2BAEE-681A-721C-EA6B-09691270D7F7} = {95DF4B1C-F936-4330-A04A-5CDE3FDEB589}
		{58F7C035-B789-4BB9-E738-07259E561188} = {95DF4B1C-F936-4330-A04A-5CDE3FDEB589}
		{7D33E398-7F9C-DE22-D729-79B16B5B6DFA} = {95DF4B1C-F936-4330-A04A-5CDE3FDEB589}
		{897A2792-F73D-2AD5-DEB5-4193E12A4AB0} = {95DF4B1C-F936-4330-A04A-5CDE3FDEB589}
		{1C31F6BD-AC3A-44AE-BCEE-8B38247B0729} = {02EA681E-C7D8-13C7-8484-4AC65E1B71E8}
	EndGlobalSection
	GlobalSection(ExtensibilityGlobals) = postSolution
		SolutionGuid = {96A82EA1-F40A-4FCA-B740-DF2F2AA5104D}
	EndGlobalSection
EndGlobal
